
Microsoft Visual Studio Solution File, Format Version 12.00
# Visual Studio Version 17
VisualStudioVersion = 17.3.32825.248
MinimumVisualStudioVersion = 10.0.40219.1
Project("{FAE04EC0-301F-11D3-BF4B-00C04F79EFBC}") = "BattleshipWPF", "BattleshipWPF\BattleshipWPF.csproj", "{39806EBD-007E-41DD-B282-586C8A084224}"
EndProject
Global
	GlobalSection(SolutionConfigurationPlatforms) = preSolution
		Debug|Any CPU = Debug|Any CPU
		Release|Any CPU = Release|Any CPU
	EndGlobalSection
	GlobalSection(ProjectConfigurationPlatforms) = postSolution
		{39806EBD-007E-41DD-B282-586C8A084224}.Debug|Any CPU.ActiveCfg = Debug|Any CPU
		{39806EBD-007E-41DD-B282-586C8A084224}.Debug|Any CPU.Build.0 = Debug|Any CPU
		{39806EBD-007E-41DD-B282-586C8A084224}.Release|Any CPU.ActiveCfg = Release|Any CPU
		{39806EBD-007E-41DD-B282-586C8A084224}.Release|Any CPU.Build.0 = Release|Any CPU
	EndGlobalSection
	GlobalSection(SolutionProperties) = preSolution
		HideSolutionNode = FALSE
	EndGlobalSection
	GlobalSection(ExtensibilityGlobals) = postSolution
		SolutionGuid = {4EC864F0-76FF-497A-A3BE-4CC41FC4CF69}
	EndGlobalSection
EndGlobal
